PODS:
  - KatexUtils (0.3.4):
    - KatexUtils/Core (= 0.3.4)
  - KatexUtils/Core (0.3.4):
    - KatexUtils/Resources
  - KatexUtils/Resources (0.3.4)

DEPENDENCIES:
  - KatexUtils (from `../`)

EXTERNAL SOURCES:
  KatexUtils:
    :path: "../"

SPEC CHECKSUMS:
  KatexUtils: 0c2bbdfaf38aa163603da869b3747da741f3de28

PODFILE CHECKSUM: 3bb86b7e2d92fd1cec9aa87f4785c872c6bc4674

COCOAPODS: 1.15.2
